{
    "name": "zca-js",
    "version": "0.0.1",
    "lockfileVersion": 3,
    "requires": true,
    "packages": {
        "": {
            "name": "zca-js",
            "version": "0.0.1",
            "license": "MIT",
            "dependencies": {
                "crypto-js": "^4.2.0",
                "form-data": "^4.0.0",
                "pako": "^2.1.0",
                "sharp": "^0.33.4",
                "spark-md5": "^3.0.2",
                "ws": "^8.18.0",
                "zca-js": "file:"
            },
            "devDependencies": {
                "@types/crypto-js": "^4.2.2",
                "@types/node": "^20.14.10",
                "@types/pako": "^2.0.3",
                "@types/spark-md5": "^3.0.4",
                "@types/ws": "^8.5.11",
                "typescript": "^5.5.3"
            },
            "engines": {
                "node": ">=18.0.0"
            }
        },
        "node_modules/@emnapi/runtime": {
            "version": "1.2.0",
            "resolved": "https://registry.npmjs.org/@emnapi/runtime/-/runtime-1.2.0.tgz",
            "integrity": "sha512-bV21/9LQmcQeCPEg3BDFtvwL6cwiTMksYNWQQ4KOxCZikEGalWtenoZ0wCiukJINlGCIi2KXx01g4FoH/LxpzQ==",
            "optional": true,
            "dependencies": {
                "tslib": "^2.4.0"
            }
        },
        "node_modules/@img/sharp-darwin-arm64": {
            "version": "0.33.4",
            "resolved": "https://registry.npmjs.org/@img/sharp-darwin-arm64/-/sharp-darwin-arm64-0.33.4.tgz",
            "integrity": "sha512-p0suNqXufJs9t3RqLBO6vvrgr5OhgbWp76s5gTRvdmxmuv9E1rcaqGUsl3l4mKVmXPkTkTErXediAui4x+8PSA==",
            "cpu": [
                "arm64"
            ],
            "optional": true,
            "os": [
                "darwin"
            ],
            "engines": {
                "glibc": ">=2.26",
                "node": "^18.17.0 || ^20.3.0 || >=21.0.0",
                "npm": ">=9.6.5",
                "pnpm": ">=7.1.0",
                "yarn": ">=3.2.0"
            },
            "funding": {
                "url": "https://opencollective.com/libvips"
            },
            "optionalDependencies": {
                "@img/sharp-libvips-darwin-arm64": "1.0.2"
            }
        },
        "node_modules/@img/sharp-darwin-x64": {
            "version": "0.33.4",
            "resolved": "https://registry.npmjs.org/@img/sharp-darwin-x64/-/sharp-darwin-x64-0.33.4.tgz",
            "integrity": "sha512-0l7yRObwtTi82Z6ebVI2PnHT8EB2NxBgpK2MiKJZJ7cz32R4lxd001ecMhzzsZig3Yv9oclvqqdV93jo9hy+Dw==",
            "cpu": [
                "x64"
            ],
            "optional": true,
            "os": [
                "darwin"
            ],
            "engines": {
                "glibc": ">=2.26",
                "node": "^18.17.0 || ^20.3.0 || >=21.0.0",
                "npm": ">=9.6.5",
                "pnpm": ">=7.1.0",
                "yarn": ">=3.2.0"
            },
            "funding": {
                "url": "https://opencollective.com/libvips"
            },
            "optionalDependencies": {
                "@img/sharp-libvips-darwin-x64": "1.0.2"
            }
        },
        "node_modules/@img/sharp-libvips-darwin-arm64": {
            "version": "1.0.2",
            "resolved": "https://registry.npmjs.org/@img/sharp-libvips-darwin-arm64/-/sharp-libvips-darwin-arm64-1.0.2.tgz",
            "integrity": "sha512-tcK/41Rq8IKlSaKRCCAuuY3lDJjQnYIW1UXU1kxcEKrfL8WR7N6+rzNoOxoQRJWTAECuKwgAHnPvqXGN8XfkHA==",
            "cpu": [
                "arm64"
            ],
            "optional": true,
            "os": [
                "darwin"
            ],
            "engines": {
                "macos": ">=11",
                "npm": ">=9.6.5",
                "pnpm": ">=7.1.0",
                "yarn": ">=3.2.0"
            },
            "funding": {
                "url": "https://opencollective.com/libvips"
            }
        },
        "node_modules/@img/sharp-libvips-darwin-x64": {
            "version": "1.0.2",
            "resolved": "https://registry.npmjs.org/@img/sharp-libvips-darwin-x64/-/sharp-libvips-darwin-x64-1.0.2.tgz",
            "integrity": "sha512-Ofw+7oaWa0HiiMiKWqqaZbaYV3/UGL2wAPeLuJTx+9cXpCRdvQhCLG0IH8YGwM0yGWGLpsF4Su9vM1o6aer+Fw==",
            "cpu": [
                "x64"
            ],
            "optional": true,
            "os": [
                "darwin"
            ],
            "engines": {
                "macos": ">=10.13",
                "npm": ">=9.6.5",
                "pnpm": ">=7.1.0",
                "yarn": ">=3.2.0"
            },
            "funding": {
                "url": "https://opencollective.com/libvips"
            }
        },
        "node_modules/@img/sharp-libvips-linux-arm": {
            "version": "1.0.2",
            "resolved": "https://registry.npmjs.org/@img/sharp-libvips-linux-arm/-/sharp-libvips-linux-arm-1.0.2.tgz",
            "integrity": "sha512-iLWCvrKgeFoglQxdEwzu1eQV04o8YeYGFXtfWU26Zr2wWT3q3MTzC+QTCO3ZQfWd3doKHT4Pm2kRmLbupT+sZw==",
            "cpu": [
                "arm"
            ],
            "optional": true,
            "os": [
                "linux"
            ],
            "engines": {
                "glibc": ">=2.28",
                "npm": ">=9.6.5",
                "pnpm": ">=7.1.0",
                "yarn": ">=3.2.0"
            },
            "funding": {
                "url": "https://opencollective.com/libvips"
            }
        },
        "node_modules/@img/sharp-libvips-linux-arm64": {
            "version": "1.0.2",
            "resolved": "https://registry.npmjs.org/@img/sharp-libvips-linux-arm64/-/sharp-libvips-linux-arm64-1.0.2.tgz",
            "integrity": "sha512-x7kCt3N00ofFmmkkdshwj3vGPCnmiDh7Gwnd4nUwZln2YjqPxV1NlTyZOvoDWdKQVDL911487HOueBvrpflagw==",
            "cpu": [
                "arm64"
            ],
            "optional": true,
            "os": [
                "linux"
            ],
            "engines": {
                "glibc": ">=2.26",
                "npm": ">=9.6.5",
                "pnpm": ">=7.1.0",
                "yarn": ">=3.2.0"
            },
            "funding": {
                "url": "https://opencollective.com/libvips"
            }
        },
        "node_modules/@img/sharp-libvips-linux-s390x": {
            "version": "1.0.2",
            "resolved": "https://registry.npmjs.org/@img/sharp-libvips-linux-s390x/-/sharp-libvips-linux-s390x-1.0.2.tgz",
            "integrity": "sha512-cmhQ1J4qVhfmS6szYW7RT+gLJq9dH2i4maq+qyXayUSn9/3iY2ZeWpbAgSpSVbV2E1JUL2Gg7pwnYQ1h8rQIog==",
            "cpu": [
                "s390x"
            ],
            "optional": true,
            "os": [
                "linux"
            ],
            "engines": {
                "glibc": ">=2.28",
                "npm": ">=9.6.5",
                "pnpm": ">=7.1.0",
                "yarn": ">=3.2.0"
            },
            "funding": {
                "url": "https://opencollective.com/libvips"
            }
        },
        "node_modules/@img/sharp-libvips-linux-x64": {
            "version": "1.0.2",
            "resolved": "https://registry.npmjs.org/@img/sharp-libvips-linux-x64/-/sharp-libvips-linux-x64-1.0.2.tgz",
            "integrity": "sha512-E441q4Qdb+7yuyiADVi5J+44x8ctlrqn8XgkDTwr4qPJzWkaHwD489iZ4nGDgcuya4iMN3ULV6NwbhRZJ9Z7SQ==",
            "cpu": [
                "x64"
            ],
            "optional": true,
            "os": [
                "linux"
            ],
            "engines": {
                "glibc": ">=2.26",
                "npm": ">=9.6.5",
                "pnpm": ">=7.1.0",
                "yarn": ">=3.2.0"
            },
            "funding": {
                "url": "https://opencollective.com/libvips"
            }
        },
        "node_modules/@img/sharp-libvips-linuxmusl-arm64": {
            "version": "1.0.2",
            "resolved": "https://registry.npmjs.org/@img/sharp-libvips-linuxmusl-arm64/-/sharp-libvips-linuxmusl-arm64-1.0.2.tgz",
            "integrity": "sha512-3CAkndNpYUrlDqkCM5qhksfE+qSIREVpyoeHIU6jd48SJZViAmznoQQLAv4hVXF7xyUB9zf+G++e2v1ABjCbEQ==",
            "cpu": [
                "arm64"
            ],
            "optional": true,
            "os": [
                "linux"
            ],
            "engines": {
                "musl": ">=1.2.2",
                "npm": ">=9.6.5",
                "pnpm": ">=7.1.0",
                "yarn": ">=3.2.0"
            },
            "funding": {
                "url": "https://opencollective.com/libvips"
            }
        },
        "node_modules/@img/sharp-libvips-linuxmusl-x64": {
            "version": "1.0.2",
            "resolved": "https://registry.npmjs.org/@img/sharp-libvips-linuxmusl-x64/-/sharp-libvips-linuxmusl-x64-1.0.2.tgz",
            "integrity": "sha512-VI94Q6khIHqHWNOh6LLdm9s2Ry4zdjWJwH56WoiJU7NTeDwyApdZZ8c+SADC8OH98KWNQXnE01UdJ9CSfZvwZw==",
            "cpu": [
                "x64"
            ],
            "optional": true,
            "os": [
                "linux"
            ],
            "engines": {
                "musl": ">=1.2.2",
                "npm": ">=9.6.5",
                "pnpm": ">=7.1.0",
                "yarn": ">=3.2.0"
            },
            "funding": {
                "url": "https://opencollective.com/libvips"
            }
        },
        "node_modules/@img/sharp-linux-arm": {
            "version": "0.33.4",
            "resolved": "https://registry.npmjs.org/@img/sharp-linux-arm/-/sharp-linux-arm-0.33.4.tgz",
            "integrity": "sha512-RUgBD1c0+gCYZGCCe6mMdTiOFS0Zc/XrN0fYd6hISIKcDUbAW5NtSQW9g/powkrXYm6Vzwd6y+fqmExDuCdHNQ==",
            "cpu": [
                "arm"
            ],
            "optional": true,
            "os": [
                "linux"
            ],
            "engines": {
                "glibc": ">=2.28",
                "node": "^18.17.0 || ^20.3.0 || >=21.0.0",
                "npm": ">=9.6.5",
                "pnpm": ">=7.1.0",
                "yarn": ">=3.2.0"
            },
            "funding": {
                "url": "https://opencollective.com/libvips"
            },
            "optionalDependencies": {
                "@img/sharp-libvips-linux-arm": "1.0.2"
            }
        },
        "node_modules/@img/sharp-linux-arm64": {
            "version": "0.33.4",
            "resolved": "https://registry.npmjs.org/@img/sharp-linux-arm64/-/sharp-linux-arm64-0.33.4.tgz",
            "integrity": "sha512-2800clwVg1ZQtxwSoTlHvtm9ObgAax7V6MTAB/hDT945Tfyy3hVkmiHpeLPCKYqYR1Gcmv1uDZ3a4OFwkdBL7Q==",
            "cpu": [
                "arm64"
            ],
            "optional": true,
            "os": [
                "linux"
            ],
            "engines": {
                "glibc": ">=2.26",
                "node": "^18.17.0 || ^20.3.0 || >=21.0.0",
                "npm": ">=9.6.5",
                "pnpm": ">=7.1.0",
                "yarn": ">=3.2.0"
            },
            "funding": {
                "url": "https://opencollective.com/libvips"
            },
            "optionalDependencies": {
                "@img/sharp-libvips-linux-arm64": "1.0.2"
            }
        },
        "node_modules/@img/sharp-linux-s390x": {
            "version": "0.33.4",
            "resolved": "https://registry.npmjs.org/@img/sharp-linux-s390x/-/sharp-linux-s390x-0.33.4.tgz",
            "integrity": "sha512-h3RAL3siQoyzSoH36tUeS0PDmb5wINKGYzcLB5C6DIiAn2F3udeFAum+gj8IbA/82+8RGCTn7XW8WTFnqag4tQ==",
            "cpu": [
                "s390x"
            ],
            "optional": true,
            "os": [
                "linux"
            ],
            "engines": {
                "glibc": ">=2.31",
                "node": "^18.17.0 || ^20.3.0 || >=21.0.0",
                "npm": ">=9.6.5",
                "pnpm": ">=7.1.0",
                "yarn": ">=3.2.0"
            },
            "funding": {
                "url": "https://opencollective.com/libvips"
            },
            "optionalDependencies": {
                "@img/sharp-libvips-linux-s390x": "1.0.2"
            }
        },
        "node_modules/@img/sharp-linux-x64": {
            "version": "0.33.4",
            "resolved": "https://registry.npmjs.org/@img/sharp-linux-x64/-/sharp-linux-x64-0.33.4.tgz",
            "integrity": "sha512-GoR++s0XW9DGVi8SUGQ/U4AeIzLdNjHka6jidVwapQ/JebGVQIpi52OdyxCNVRE++n1FCLzjDovJNozif7w/Aw==",
            "cpu": [
                "x64"
            ],
            "optional": true,
            "os": [
                "linux"
            ],
            "engines": {
                "glibc": ">=2.26",
                "node": "^18.17.0 || ^20.3.0 || >=21.0.0",
                "npm": ">=9.6.5",
                "pnpm": ">=7.1.0",
                "yarn": ">=3.2.0"
            },
            "funding": {
                "url": "https://opencollective.com/libvips"
            },
            "optionalDependencies": {
                "@img/sharp-libvips-linux-x64": "1.0.2"
            }
        },
        "node_modules/@img/sharp-linuxmusl-arm64": {
            "version": "0.33.4",
            "resolved": "https://registry.npmjs.org/@img/sharp-linuxmusl-arm64/-/sharp-linuxmusl-arm64-0.33.4.tgz",
            "integrity": "sha512-nhr1yC3BlVrKDTl6cO12gTpXMl4ITBUZieehFvMntlCXFzH2bvKG76tBL2Y/OqhupZt81pR7R+Q5YhJxW0rGgQ==",
            "cpu": [
                "arm64"
            ],
            "optional": true,
            "os": [
                "linux"
            ],
            "engines": {
                "musl": ">=1.2.2",
                "node": "^18.17.0 || ^20.3.0 || >=21.0.0",
                "npm": ">=9.6.5",
                "pnpm": ">=7.1.0",
                "yarn": ">=3.2.0"
            },
            "funding": {
                "url": "https://opencollective.com/libvips"
            },
            "optionalDependencies": {
                "@img/sharp-libvips-linuxmusl-arm64": "1.0.2"
            }
        },
        "node_modules/@img/sharp-linuxmusl-x64": {
            "version": "0.33.4",
            "resolved": "https://registry.npmjs.org/@img/sharp-linuxmusl-x64/-/sharp-linuxmusl-x64-0.33.4.tgz",
            "integrity": "sha512-uCPTku0zwqDmZEOi4ILyGdmW76tH7dm8kKlOIV1XC5cLyJ71ENAAqarOHQh0RLfpIpbV5KOpXzdU6XkJtS0daw==",
            "cpu": [
                "x64"
            ],
            "optional": true,
            "os": [
                "linux"
            ],
            "engines": {
                "musl": ">=1.2.2",
                "node": "^18.17.0 || ^20.3.0 || >=21.0.0",
                "npm": ">=9.6.5",
                "pnpm": ">=7.1.0",
                "yarn": ">=3.2.0"
            },
            "funding": {
                "url": "https://opencollective.com/libvips"
            },
            "optionalDependencies": {
                "@img/sharp-libvips-linuxmusl-x64": "1.0.2"
            }
        },
        "node_modules/@img/sharp-wasm32": {
            "version": "0.33.4",
            "resolved": "https://registry.npmjs.org/@img/sharp-wasm32/-/sharp-wasm32-0.33.4.tgz",
            "integrity": "sha512-Bmmauh4sXUsUqkleQahpdNXKvo+wa1V9KhT2pDA4VJGKwnKMJXiSTGphn0gnJrlooda0QxCtXc6RX1XAU6hMnQ==",
            "cpu": [
                "wasm32"
            ],
            "optional": true,
            "dependencies": {
                "@emnapi/runtime": "^1.1.1"
            },
            "engines": {
                "node": "^18.17.0 || ^20.3.0 || >=21.0.0",
                "npm": ">=9.6.5",
                "pnpm": ">=7.1.0",
                "yarn": ">=3.2.0"
            },
            "funding": {
                "url": "https://opencollective.com/libvips"
            }
        },
        "node_modules/@img/sharp-win32-ia32": {
            "version": "0.33.4",
            "resolved": "https://registry.npmjs.org/@img/sharp-win32-ia32/-/sharp-win32-ia32-0.33.4.tgz",
            "integrity": "sha512-99SJ91XzUhYHbx7uhK3+9Lf7+LjwMGQZMDlO/E/YVJ7Nc3lyDFZPGhjwiYdctoH2BOzW9+TnfqcaMKt0jHLdqw==",
            "cpu": [
                "ia32"
            ],
            "optional": true,
            "os": [
                "win32"
            ],
            "engines": {
                "node": "^18.17.0 || ^20.3.0 || >=21.0.0",
                "npm": ">=9.6.5",
                "pnpm": ">=7.1.0",
                "yarn": ">=3.2.0"
            },
            "funding": {
                "url": "https://opencollective.com/libvips"
            }
        },
        "node_modules/@img/sharp-win32-x64": {
            "version": "0.33.4",
            "resolved": "https://registry.npmjs.org/@img/sharp-win32-x64/-/sharp-win32-x64-0.33.4.tgz",
            "integrity": "sha512-3QLocdTRVIrFNye5YocZl+KKpYKP+fksi1QhmOArgx7GyhIbQp/WrJRu176jm8IxromS7RIkzMiMINVdBtC8Aw==",
            "cpu": [
                "x64"
            ],
            "optional": true,
            "os": [
                "win32"
            ],
            "engines": {
                "node": "^18.17.0 || ^20.3.0 || >=21.0.0",
                "npm": ">=9.6.5",
                "pnpm": ">=7.1.0",
                "yarn": ">=3.2.0"
            },
            "funding": {
                "url": "https://opencollective.com/libvips"
            }
        },
        "node_modules/@types/crypto-js": {
            "version": "4.2.2",
            "resolved": "https://registry.npmjs.org/@types/crypto-js/-/crypto-js-4.2.2.tgz",
            "integrity": "sha512-sDOLlVbHhXpAUAL0YHDUUwDZf3iN4Bwi4W6a0W0b+QcAezUbRtH4FVb+9J4h+XFPW7l/gQ9F8qC7P+Ec4k8QVQ==",
            "dev": true
        },
        "node_modules/@types/node": {
            "version": "20.14.10",
            "resolved": "https://registry.npmjs.org/@types/node/-/node-20.14.10.tgz",
            "integrity": "sha512-MdiXf+nDuMvY0gJKxyfZ7/6UFsETO7mGKF54MVD/ekJS6HdFtpZFBgrh6Pseu64XTb2MLyFPlbW6hj8HYRQNOQ==",
            "dev": true,
            "dependencies": {
                "undici-types": "~5.26.4"
            }
        },
        "node_modules/@types/pako": {
            "version": "2.0.3",
            "resolved": "https://registry.npmjs.org/@types/pako/-/pako-2.0.3.tgz",
            "integrity": "sha512-bq0hMV9opAcrmE0Byyo0fY3Ew4tgOevJmQ9grUhpXQhYfyLJ1Kqg3P33JT5fdbT2AjeAjR51zqqVjAL/HMkx7Q==",
            "dev": true
        },
        "node_modules/@types/spark-md5": {
            "version": "3.0.4",
            "resolved": "https://registry.npmjs.org/@types/spark-md5/-/spark-md5-3.0.4.tgz",
            "integrity": "sha512-qtOaDz+IXiNndPgYb6t1YoutnGvFRtWSNzpVjkAPCfB2UzTyybuD4Tjgs7VgRawum3JnJNRwNQd4N//SvrHg1Q==",
            "dev": true
        },
        "node_modules/@types/ws": {
            "version": "8.5.11",
            "resolved": "https://registry.npmjs.org/@types/ws/-/ws-8.5.11.tgz",
            "integrity": "sha512-4+q7P5h3SpJxaBft0Dzpbr6lmMaqh0Jr2tbhJZ/luAwvD7ohSCniYkwz/pLxuT2h0EOa6QADgJj1Ko+TzRfZ+w==",
            "dev": true,
            "dependencies": {
                "@types/node": "*"
            }
        },
        "node_modules/asynckit": {
            "version": "0.4.0",
            "resolved": "https://registry.npmjs.org/asynckit/-/asynckit-0.4.0.tgz",
            "integrity": "sha512-Oei9OH4tRh0YqU3GxhX79dM/mwVgvbZJaSNaRk+bshkj0S5cfHcgYakreBjrHwatXKbz+IoIdYLxrKim2MjW0Q=="
        },
        "node_modules/color": {
            "version": "4.2.3",
            "resolved": "https://registry.npmjs.org/color/-/color-4.2.3.tgz",
            "integrity": "sha512-1rXeuUUiGGrykh+CeBdu5Ie7OJwinCgQY0bc7GCRxy5xVHy+moaqkpL/jqQq0MtQOeYcrqEz4abc5f0KtU7W4A==",
            "dependencies": {
                "color-convert": "^2.0.1",
                "color-string": "^1.9.0"
            },
            "engines": {
                "node": ">=12.5.0"
            }
        },
        "node_modules/color-convert": {
            "version": "2.0.1",
            "resolved": "https://registry.npmjs.org/color-convert/-/color-convert-2.0.1.tgz",
            "integrity": "sha512-RRECPsj7iu/xb5oKYcsFHSppFNnsj/52OVTRKb4zP5onXwVF3zVmmToNcOfGC+CRDpfK/U584fMg38ZHCaElKQ==",
            "dependencies": {
                "color-name": "~1.1.4"
            },
            "engines": {
                "node": ">=7.0.0"
            }
        },
        "node_modules/color-name": {
            "version": "1.1.4",
            "resolved": "https://registry.npmjs.org/color-name/-/color-name-1.1.4.tgz",
            "integrity": "sha512-dOy+3AuW3a2wNbZHIuMZpTcgjGuLU/uBL/ubcZF9OXbDo8ff4O8yVp5Bf0efS8uEoYo5q4Fx7dY9OgQGXgAsQA=="
        },
        "node_modules/color-string": {
            "version": "1.9.1",
            "resolved": "https://registry.npmjs.org/color-string/-/color-string-1.9.1.tgz",
            "integrity": "sha512-shrVawQFojnZv6xM40anx4CkoDP+fZsw/ZerEMsW/pyzsRbElpsL/DBVW7q3ExxwusdNXI3lXpuhEZkzs8p5Eg==",
            "dependencies": {
                "color-name": "^1.0.0",
                "simple-swizzle": "^0.2.2"
            }
        },
        "node_modules/combined-stream": {
            "version": "1.0.8",
            "resolved": "https://registry.npmjs.org/combined-stream/-/combined-stream-1.0.8.tgz",
            "integrity": "sha512-FQN4MRfuJeHf7cBbBMJFXhKSDq+2kAArBlmRBvcvFE5BB1HZKXtSFASDhdlz9zOYwxh8lDdnvmMOe/+5cdoEdg==",
            "dependencies": {
                "delayed-stream": "~1.0.0"
            },
            "engines": {
                "node": ">= 0.8"
            }
        },
        "node_modules/crypto-js": {
            "version": "4.2.0",
            "resolved": "https://registry.npmjs.org/crypto-js/-/crypto-js-4.2.0.tgz",
            "integrity": "sha512-KALDyEYgpY+Rlob/iriUtjV6d5Eq+Y191A5g4UqLAi8CyGP9N1+FdVbkc1SxKc2r4YAYqG8JzO2KGL+AizD70Q=="
        },
        "node_modules/delayed-stream": {
            "version": "1.0.0",
            "resolved": "https://registry.npmjs.org/delayed-stream/-/delayed-stream-1.0.0.tgz",
            "integrity": "sha512-ZySD7Nf91aLB0RxL4KGrKHBXl7Eds1DAmEdcoVawXnLD7SDhpNgtuII2aAkg7a7QS41jxPSZ17p4VdGnMHk3MQ==",
            "engines": {
                "node": ">=0.4.0"
            }
        },
        "node_modules/detect-libc": {
            "version": "2.0.3",
            "resolved": "https://registry.npmjs.org/detect-libc/-/detect-libc-2.0.3.tgz",
            "integrity": "sha512-bwy0MGW55bG41VqxxypOsdSdGqLwXPI/focwgTYCFMbdUiBAxLg9CFzG08sz2aqzknwiX7Hkl0bQENjg8iLByw==",
            "engines": {
                "node": ">=8"
            }
        },
        "node_modules/form-data": {
            "version": "4.0.0",
            "resolved": "https://registry.npmjs.org/form-data/-/form-data-4.0.0.tgz",
            "integrity": "sha512-ETEklSGi5t0QMZuiXoA/Q6vcnxcLQP5vdugSpuAyi6SVGi2clPPp+xgEhuMaHC+zGgn31Kd235W35f7Hykkaww==",
            "dependencies": {
                "asynckit": "^0.4.0",
                "combined-stream": "^1.0.8",
                "mime-types": "^2.1.12"
            },
            "engines": {
                "node": ">= 6"
            }
        },
        "node_modules/is-arrayish": {
            "version": "0.3.2",
            "resolved": "https://registry.npmjs.org/is-arrayish/-/is-arrayish-0.3.2.tgz",
            "integrity": "sha512-eVRqCvVlZbuw3GrM63ovNSNAeA1K16kaR/LRY/92w0zxQ5/1YzwblUX652i4Xs9RwAGjW9d9y6X88t8OaAJfWQ=="
        },
        "node_modules/mime-db": {
            "version": "1.52.0",
            "resolved": "https://registry.npmjs.org/mime-db/-/mime-db-1.52.0.tgz",
            "integrity": "sha512-sPU4uV7dYlvtWJxwwxHD0PuihVNiE7TyAbQ5SWxDCB9mUYvOgroQOwYQQOKPJ8CIbE+1ETVlOoK1UC2nU3gYvg==",
            "engines": {
                "node": ">= 0.6"
            }
        },
        "node_modules/mime-types": {
            "version": "2.1.35",
            "resolved": "https://registry.npmjs.org/mime-types/-/mime-types-2.1.35.tgz",
            "integrity": "sha512-ZDY+bPm5zTTF+YpCrAU9nK0UgICYPT0QtT1NZWFv4s++TNkcgVaT0g6+4R2uI4MjQjzysHB1zxuWL50hzaeXiw==",
            "dependencies": {
                "mime-db": "1.52.0"
            },
            "engines": {
                "node": ">= 0.6"
            }
        },
        "node_modules/pako": {
            "version": "2.1.0",
            "resolved": "https://registry.npmjs.org/pako/-/pako-2.1.0.tgz",
            "integrity": "sha512-w+eufiZ1WuJYgPXbV/PO3NCMEc3xqylkKHzp8bxp1uW4qaSNQUkwmLLEc3kKsfz8lpV1F8Ht3U1Cm+9Srog2ug=="
        },
        "node_modules/semver": {
            "version": "7.6.3",
            "resolved": "https://registry.npmjs.org/semver/-/semver-7.6.3.tgz",
            "integrity": "sha512-oVekP1cKtI+CTDvHWYFUcMtsK/00wmAEfyqKfNdARm8u1wNVhSgaX7A8d4UuIlUI5e84iEwOhs7ZPYRmzU9U6A==",
            "bin": {
                "semver": "bin/semver.js"
            },
            "engines": {
                "node": ">=10"
            }
        },
        "node_modules/sharp": {
            "version": "0.33.4",
            "resolved": "https://registry.npmjs.org/sharp/-/sharp-0.33.4.tgz",
            "integrity": "sha512-7i/dt5kGl7qR4gwPRD2biwD2/SvBn3O04J77XKFgL2OnZtQw+AG9wnuS/csmu80nPRHLYE9E41fyEiG8nhH6/Q==",
            "hasInstallScript": true,
            "dependencies": {
                "color": "^4.2.3",
                "detect-libc": "^2.0.3",
                "semver": "^7.6.0"
            },
            "engines": {
                "libvips": ">=8.15.2",
                "node": "^18.17.0 || ^20.3.0 || >=21.0.0"
            },
            "funding": {
                "url": "https://opencollective.com/libvips"
            },
            "optionalDependencies": {
                "@img/sharp-darwin-arm64": "0.33.4",
                "@img/sharp-darwin-x64": "0.33.4",
                "@img/sharp-libvips-darwin-arm64": "1.0.2",
                "@img/sharp-libvips-darwin-x64": "1.0.2",
                "@img/sharp-libvips-linux-arm": "1.0.2",
                "@img/sharp-libvips-linux-arm64": "1.0.2",
                "@img/sharp-libvips-linux-s390x": "1.0.2",
                "@img/sharp-libvips-linux-x64": "1.0.2",
                "@img/sharp-libvips-linuxmusl-arm64": "1.0.2",
                "@img/sharp-libvips-linuxmusl-x64": "1.0.2",
                "@img/sharp-linux-arm": "0.33.4",
                "@img/sharp-linux-arm64": "0.33.4",
                "@img/sharp-linux-s390x": "0.33.4",
                "@img/sharp-linux-x64": "0.33.4",
                "@img/sharp-linuxmusl-arm64": "0.33.4",
                "@img/sharp-linuxmusl-x64": "0.33.4",
                "@img/sharp-wasm32": "0.33.4",
                "@img/sharp-win32-ia32": "0.33.4",
                "@img/sharp-win32-x64": "0.33.4"
            }
        },
        "node_modules/simple-swizzle": {
            "version": "0.2.2",
            "resolved": "https://registry.npmjs.org/simple-swizzle/-/simple-swizzle-0.2.2.tgz",
            "integrity": "sha512-JA//kQgZtbuY83m+xT+tXJkmJncGMTFT+C+g2h2R9uxkYIrE2yy9sgmcLhCnw57/WSD+Eh3J97FPEDFnbXnDUg==",
            "dependencies": {
                "is-arrayish": "^0.3.1"
            }
        },
        "node_modules/spark-md5": {
            "version": "3.0.2",
            "resolved": "https://registry.npmjs.org/spark-md5/-/spark-md5-3.0.2.tgz",
            "integrity": "sha512-wcFzz9cDfbuqe0FZzfi2or1sgyIrsDwmPwfZC4hiNidPdPINjeUwNfv5kldczoEAcjl9Y1L3SM7Uz2PUEQzxQw=="
        },
        "node_modules/tslib": {
            "version": "2.6.3",
            "resolved": "https://registry.npmjs.org/tslib/-/tslib-2.6.3.tgz",
            "integrity": "sha512-xNvxJEOUiWPGhUuUdQgAJPKOOJfGnIyKySOc09XkKsgdUV/3E2zvwZYdejjmRgPCgcym1juLH3226yA7sEFJKQ==",
            "optional": true
        },
        "node_modules/typescript": {
            "version": "5.5.3",
            "resolved": "https://registry.npmjs.org/typescript/-/typescript-5.5.3.tgz",
            "integrity": "sha512-/hreyEujaB0w76zKo6717l3L0o/qEUtRgdvUBvlkhoWeOVMjMuHNHk0BRBzikzuGDqNmPQbg5ifMEqsHLiIUcQ==",
            "dev": true,
            "bin": {
                "tsc": "bin/tsc",
                "tsserver": "bin/tsserver"
            },
            "engines": {
                "node": ">=14.17"
            }
        },
        "node_modules/undici-types": {
            "version": "5.26.5",
            "resolved": "https://registry.npmjs.org/undici-types/-/undici-types-5.26.5.tgz",
            "integrity": "sha512-JlCMO+ehdEIKqlFxk6IfVoAUVmgz7cU7zD/h9XZ0qzeosSHmUJVOzSQvvYSYWXkFXC+IfLKSIffhv0sVZup6pA==",
            "dev": true
        },
        "node_modules/ws": {
            "version": "8.18.0",
            "resolved": "https://registry.npmjs.org/ws/-/ws-8.18.0.tgz",
            "integrity": "sha512-8VbfWfHLbbwu3+N6OKsOMpBdT4kXPDDB9cJk2bJ6mh9ucxdlnNvH1e+roYkKmN9Nxw2yjz7VzeO9oOz2zJ04Pw==",
            "engines": {
                "node": ">=10.0.0"
            },
            "peerDependencies": {
                "bufferutil": "^4.0.1",
                "utf-8-validate": ">=5.0.2"
            },
            "peerDependenciesMeta": {
                "bufferutil": {
                    "optional": true
                },
                "utf-8-validate": {
                    "optional": true
                }
            }
        },
        "node_modules/zca-js": {
            "resolved": "",
            "link": true
        }
    }
}
